
Microsoft Visual Studio Solution File, Format Version 12.00
# Visual Studio Version 16
VisualStudioVersion = 16.0.31624.102
MinimumVisualStudioVersion = 10.0.40219.1
Project("{2150E333-8FDC-42A3-9474-1A3956D46DE8}") = "src", "src", "{8D34D06A-3EAF-49C3-B004-92E391A8E9E2}"
EndProject
Project("{2150E333-8FDC-42A3-9474-1A3956D46DE8}") = "API", "API", "{7CC8A2BC-DC29-4176-9F13-15AC5E9D7ABA}"
EndProject
Project("{2150E333-8FDC-42A3-9474-1A3956D46DE8}") = "Core", "Core", "{7B02DE5F-1695-41B6-8B48-8BB44F51B73B}"
EndProject
Project("{2150E333-8FDC-42A3-9474-1A3956D46DE8}") = "Infrastructure", "Infrastructure", "{902F8B87-5110-4ADC-8F75-5CC187927C60}"
EndProject
Project("{2150E333-8FDC-42A3-9474-1A3956D46DE8}") = "UI", "UI", "{C1E1AE49-821D-49F3-B0DA-6EB2B70F5708}"
EndProject
Project("{2150E333-8FDC-42A3-9474-1A3956D46DE8}") = "test", "test", "{0EFC68E0-A95D-4A2C-855B-2BFAB6D0CB26}"
EndProject
Project("{9A19103F-16F7-4668-BE54-9A1E7A4F7556}") = "Users.Domain", "Users.Domain\Users.Domain.csproj", "{D040A432-1C55-4F24-BAAA-3DAEA927894F}"
EndProject
Project("{9A19103F-16F7-4668-BE54-9A1E7A4F7556}") = "Users.Application", "Users.Application\Users.Application.csproj", "{B4B82FFD-AF12-4F7C-B030-4DAFC9699BC0}"
EndProject
Project("{9A19103F-16F7-4668-BE54-9A1E7A4F7556}") = "Users.Application.UnitTest", "User.Application.UnitTest\Users.Application.UnitTest.csproj", "{68DC3D87-A4C9-419A-B7F3-A5F2D9B64E33}"
EndProject
Project("{FAE04EC0-301F-11D3-BF4B-00C04F79EFBC}") = "Users.Persistence.EF", "Users.Persistence.EF\Users.Persistence.EF.csproj", "{45C20807-5EBB-4A7B-8EBB-3F207A9C61D9}"
EndProject
Project("{FAE04EC0-301F-11D3-BF4B-00C04F79EFBC}") = "Users.Api", "Users.Api\Users.Api.csproj", "{42735DF5-51D3-41B3-AF25-ED863BD5ACD6}"
EndProject
Global
	GlobalSection(SolutionConfigurationPlatforms) = preSolution
		Debug|Any CPU = Debug|Any CPU
		Release|Any CPU = Release|Any CPU
	EndGlobalSection
	GlobalSection(ProjectConfigurationPlatforms) = postSolution
		{D040A432-1C55-4F24-BAAA-3DAEA927894F}.Debug|Any CPU.ActiveCfg = Debug|Any CPU
		{D040A432-1C55-4F24-BAAA-3DAEA927894F}.Debug|Any CPU.Build.0 = Debug|Any CPU
		{D040A432-1C55-4F24-BAAA-3DAEA927894F}.Release|Any CPU.ActiveCfg = Release|Any CPU
		{D040A432-1C55-4F24-BAAA-3DAEA927894F}.Release|Any CPU.Build.0 = Release|Any CPU
		{B4B82FFD-AF12-4F7C-B030-4DAFC9699BC0}.Debug|Any CPU.ActiveCfg = Debug|Any CPU
		{B4B82FFD-AF12-4F7C-B030-4DAFC9699BC0}.Debug|Any CPU.Build.0 = Debug|Any CPU
		{B4B82FFD-AF12-4F7C-B030-4DAFC9699BC0}.Release|Any CPU.ActiveCfg = Release|Any CPU
		{B4B82FFD-AF12-4F7C-B030-4DAFC9699BC0}.Release|Any CPU.Build.0 = Release|Any CPU
		{68DC3D87-A4C9-419A-B7F3-A5F2D9B64E33}.Debug|Any CPU.ActiveCfg = Debug|Any CPU
		{68DC3D87-A4C9-419A-B7F3-A5F2D9B64E33}.Debug|Any CPU.Build.0 = Debug|Any CPU
		{68DC3D87-A4C9-419A-B7F3-A5F2D9B64E33}.Release|Any CPU.ActiveCfg = Release|Any CPU
		{68DC3D87-A4C9-419A-B7F3-A5F2D9B64E33}.Release|Any CPU.Build.0 = Release|Any CPU
		{45C20807-5EBB-4A7B-8EBB-3F207A9C61D9}.Debug|Any CPU.ActiveCfg = Debug|Any CPU
		{45C20807-5EBB-4A7B-8EBB-3F207A9C61D9}.Debug|Any CPU.Build.0 = Debug|Any CPU
		{45C20807-5EBB-4A7B-8EBB-3F207A9C61D9}.Release|Any CPU.ActiveCfg = Release|Any CPU
		{45C20807-5EBB-4A7B-8EBB-3F207A9C61D9}.Release|Any CPU.Build.0 = Release|Any CPU
		{42735DF5-51D3-41B3-AF25-ED863BD5ACD6}.Debug|Any CPU.ActiveCfg = Debug|Any CPU
		{42735DF5-51D3-41B3-AF25-ED863BD5ACD6}.Debug|Any CPU.Build.0 = Debug|Any CPU
		{42735DF5-51D3-41B3-AF25-ED863BD5ACD6}.Release|Any CPU.ActiveCfg = Release|Any CPU
		{42735DF5-51D3-41B3-AF25-ED863BD5ACD6}.Release|Any CPU.Build.0 = Release|Any CPU
	EndGlobalSection
	GlobalSection(SolutionProperties) = preSolution
		HideSolutionNode = FALSE
	EndGlobalSection
	GlobalSection(NestedProjects) = preSolution
		{7CC8A2BC-DC29-4176-9F13-15AC5E9D7ABA} = {8D34D06A-3EAF-49C3-B004-92E391A8E9E2}
		{7B02DE5F-1695-41B6-8B48-8BB44F51B73B} = {8D34D06A-3EAF-49C3-B004-92E391A8E9E2}
		{902F8B87-5110-4ADC-8F75-5CC187927C60} = {8D34D06A-3EAF-49C3-B004-92E391A8E9E2}
		{C1E1AE49-821D-49F3-B0DA-6EB2B70F5708} = {8D34D06A-3EAF-49C3-B004-92E391A8E9E2}
		{D040A432-1C55-4F24-BAAA-3DAEA927894F} = {7B02DE5F-1695-41B6-8B48-8BB44F51B73B}
		{B4B82FFD-AF12-4F7C-B030-4DAFC9699BC0} = {7B02DE5F-1695-41B6-8B48-8BB44F51B73B}
		{68DC3D87-A4C9-419A-B7F3-A5F2D9B64E33} = {7B02DE5F-1695-41B6-8B48-8BB44F51B73B}
		{45C20807-5EBB-4A7B-8EBB-3F207A9C61D9} = {902F8B87-5110-4ADC-8F75-5CC187927C60}
		{42735DF5-51D3-41B3-AF25-ED863BD5ACD6} = {7CC8A2BC-DC29-4176-9F13-15AC5E9D7ABA}
	EndGlobalSection
	GlobalSection(ExtensibilityGlobals) = postSolution
		SolutionGuid = {78BDD3CF-76EB-432C-AD1D-CD536D329C5E}
	EndGlobalSection
EndGlobal
